
Microsoft Visual Studio Solution File, Format Version 12.00
# Visual Studio Version 17
VisualStudioVersion = 17.12.35527.113
MinimumVisualStudioVersion = 10.0.40219.1
Project("{FAE04EC0-301F-11D3-BF4B-00C04F79EFBC}") = "EShopService", "EShopService\EShopService.csproj", "{A7FB8028-94FC-4E0D-9305-324933F7E631}"
EndProject
Project("{FAE04EC0-301F-11D3-BF4B-00C04F79EFBC}") = "EShop.Application", "EShop.Application\EShop.Application.csproj", "{675B97AB-CA90-4BC7-B0C2-64D719D4A358}"
EndProject
Project("{FAE04EC0-301F-11D3-BF4B-00C04F79EFBC}") = "EShop.Application.Tests", "EShop.Application.Tests\EShop.Application.Tests.csproj", "{EF7E45DB-5661-496F-8A2C-B3B037B8C52A}"
	ProjectSection(ProjectDependencies) = postProject
		{675B97AB-CA90-4BC7-B0C2-64D719D4A358} = {675B97AB-CA90-4BC7-B0C2-64D719D4A358}
	EndProjectSection
EndProject
Project("{FAE04EC0-301F-11D3-BF4B-00C04F79EFBC}") = "EShop.Domain", "EShop.Domain\EShop.Domain.csproj", "{3A1BDB97-28C4-4447-A0F8-8989C8D8286D}"
EndProject
Project("{FAE04EC0-301F-11D3-BF4B-00C04F79EFBC}") = "EShop.Domain.Tests", "EShop.Domain.Tests\EShop.Domain.Tests.csproj", "{3CA8FB2C-05C4-463E-80B6-172C93330260}"
EndProject
Project("{FAE04EC0-301F-11D3-BF4B-00C04F79EFBC}") = "EShopService.Tests", "EShopService.Tests\EShopService.Tests.csproj", "{3DB94069-A441-499D-BED5-1909173E669A}"
EndProject
Project("{FAE04EC0-301F-11D3-BF4B-00C04F79EFBC}") = "EShopService.IntegrationTests", "EShopService.IntegrationTests\EShopService.IntegrationTests.csproj", "{CD52E7C3-79E7-4B0E-8CD3-8DF6E0A12320}"
EndProject
Project("{FAE04EC0-301F-11D3-BF4B-00C04F79EFBC}") = "EShop.Application.IntegrationTests", "EShop.Application.IntegrationTests\EShop.Application.IntegrationTests.csproj", "{9D4BED1B-13F3-434B-B1BF-CB7EECB31DD7}"
EndProject
Project("{2150E333-8FDC-42A3-9474-1A3956D46DE8}") = "User", "User", "{02EA681E-C7D8-13C7-8484-4AC65E1B71E8}"
EndProject
Project("{FAE04EC0-301F-11D3-BF4B-00C04F79EFBC}") = "UserService", "UserService\UserService.csproj", "{2B104FEA-C96A-4353-85E6-F7ECFCD5A479}"
EndProject
Project("{FAE04EC0-301F-11D3-BF4B-00C04F79EFBC}") = "User.Domain", "User.Domain\User.Domain.csproj", "{73971564-6409-4638-A6FB-8F46596DE9A4}"
EndProject
Project("{FAE04EC0-301F-11D3-BF4B-00C04F79EFBC}") = "User.Application", "User.Application\User.Application.csproj", "{BF1517B3-0423-4216-B538-37563E7C57F7}"
EndProject
Global
	GlobalSection(SolutionConfigurationPlatforms) = preSolution
		Debug|Any CPU = Debug|Any CPU
		Release|Any CPU = Release|Any CPU
	EndGlobalSection
	GlobalSection(ProjectConfigurationPlatforms) = postSolution
		{A7FB8028-94FC-4E0D-9305-324933F7E631}.Debug|Any CPU.ActiveCfg = Debug|Any CPU
		{A7FB8028-94FC-4E0D-9305-324933F7E631}.Debug|Any CPU.Build.0 = Debug|Any CPU
		{A7FB8028-94FC-4E0D-9305-324933F7E631}.Release|Any CPU.ActiveCfg = Release|Any CPU
		{A7FB8028-94FC-4E0D-9305-324933F7E631}.Release|Any CPU.Build.0 = Release|Any CPU
		{675B97AB-CA90-4BC7-B0C2-64D719D4A358}.Debug|Any CPU.ActiveCfg = Debug|Any CPU
		{675B97AB-CA90-4BC7-B0C2-64D719D4A358}.Debug|Any CPU.Build.0 = Debug|Any CPU
		{675B97AB-CA90-4BC7-B0C2-64D719D4A358}.Release|Any CPU.ActiveCfg = Release|Any CPU
		{675B97AB-CA90-4BC7-B0C2-64D719D4A358}.Release|Any CPU.Build.0 = Release|Any CPU
		{EF7E45DB-5661-496F-8A2C-B3B037B8C52A}.Debug|Any CPU.ActiveCfg = Debug|Any CPU
		{EF7E45DB-5661-496F-8A2C-B3B037B8C52A}.Debug|Any CPU.Build.0 = Debug|Any CPU
		{EF7E45DB-5661-496F-8A2C-B3B037B8C52A}.Release|Any CPU.ActiveCfg = Release|Any CPU
		{EF7E45DB-5661-496F-8A2C-B3B037B8C52A}.Release|Any CPU.Build.0 = Release|Any CPU
		{3A1BDB97-28C4-4447-A0F8-8989C8D8286D}.Debug|Any CPU.ActiveCfg = Debug|Any CPU
		{3A1BDB97-28C4-4447-A0F8-8989C8D8286D}.Debug|Any CPU.Build.0 = Debug|Any CPU
		{3A1BDB97-28C4-4447-A0F8-8989C8D8286D}.Release|Any CPU.ActiveCfg = Release|Any CPU
		{3A1BDB97-28C4-4447-A0F8-8989C8D8286D}.Release|Any CPU.Build.0 = Release|Any CPU
		{3CA8FB2C-05C4-463E-80B6-172C93330260}.Debug|Any CPU.ActiveCfg = Debug|Any CPU
		{3CA8FB2C-05C4-463E-80B6-172C93330260}.Debug|Any CPU.Build.0 = Debug|Any CPU
		{3CA8FB2C-05C4-463E-80B6-172C93330260}.Release|Any CPU.ActiveCfg = Release|Any CPU
		{3CA8FB2C-05C4-463E-80B6-172C93330260}.Release|Any CPU.Build.0 = Release|Any CPU
		{3DB94069-A441-499D-BED5-1909173E669A}.Debug|Any CPU.ActiveCfg = Debug|Any CPU
		{3DB94069-A441-499D-BED5-1909173E669A}.Debug|Any CPU.Build.0 = Debug|Any CPU
		{3DB94069-A441-499D-BED5-1909173E669A}.Release|Any CPU.ActiveCfg = Release|Any CPU
		{3DB94069-A441-499D-BED5-1909173E669A}.Release|Any CPU.Build.0 = Release|Any CPU
		{CD52E7C3-79E7-4B0E-8CD3-8DF6E0A12320}.Debug|Any CPU.ActiveCfg = Debug|Any CPU
		{CD52E7C3-79E7-4B0E-8CD3-8DF6E0A12320}.Debug|Any CPU.Build.0 = Debug|Any CPU
		{CD52E7C3-79E7-4B0E-8CD3-8DF6E0A12320}.Release|Any CPU.ActiveCfg = Release|Any CPU
		{CD52E7C3-79E7-4B0E-8CD3-8DF6E0A12320}.Release|Any CPU.Build.0 = Release|Any CPU
		{9D4BED1B-13F3-434B-B1BF-CB7EECB31DD7}.Debug|Any CPU.ActiveCfg = Debug|Any CPU
		{9D4BED1B-13F3-434B-B1BF-CB7EECB31DD7}.Debug|Any CPU.Build.0 = Debug|Any CPU
		{9D4BED1B-13F3-434B-B1BF-CB7EECB31DD7}.Release|Any CPU.ActiveCfg = Release|Any CPU
		{9D4BED1B-13F3-434B-B1BF-CB7EECB31DD7}.Release|Any CPU.Build.0 = Release|Any CPU
		{2B104FEA-C96A-4353-85E6-F7ECFCD5A479}.Debug|Any CPU.ActiveCfg = Debug|Any CPU
		{2B104FEA-C96A-4353-85E6-F7ECFCD5A479}.Debug|Any CPU.Build.0 = Debug|Any CPU
		{2B104FEA-C96A-4353-85E6-F7ECFCD5A479}.Release|Any CPU.ActiveCfg = Release|Any CPU
		{2B104FEA-C96A-4353-85E6-F7ECFCD5A479}.Release|Any CPU.Build.0 = Release|Any CPU
		{73971564-6409-4638-A6FB-8F46596DE9A4}.Debug|Any CPU.ActiveCfg = Debug|Any CPU
		{73971564-6409-4638-A6FB-8F46596DE9A4}.Debug|Any CPU.Build.0 = Debug|Any CPU
		{73971564-6409-4638-A6FB-8F46596DE9A4}.Release|Any CPU.ActiveCfg = Release|Any CPU
		{73971564-6409-4638-A6FB-8F46596DE9A4}.Release|Any CPU.Build.0 = Release|Any CPU
		{BF1517B3-0423-4216-B538-37563E7C57F7}.Debug|Any CPU.ActiveCfg = Debug|Any CPU
		{BF1517B3-0423-4216-B538-37563E7C57F7}.Debug|Any CPU.Build.0 = Debug|Any CPU
		{BF1517B3-0423-4216-B538-37563E7C57F7}.Release|Any CPU.ActiveCfg = Release|Any CPU
		{BF1517B3-0423-4216-B538-37563E7C57F7}.Release|Any CPU.Build.0 = Release|Any CPU
	EndGlobalSection
	GlobalSection(SolutionProperties) = preSolution
		HideSolutionNode = FALSE
	EndGlobalSection
	GlobalSection(NestedProjects) = preSolution
		{2B104FEA-C96A-4353-85E6-F7ECFCD5A479} = {02EA681E-C7D8-13C7-8484-4AC65E1B71E8}
		{73971564-6409-4638-A6FB-8F46596DE9A4} = {02EA681E-C7D8-13C7-8484-4AC65E1B71E8}
		{BF1517B3-0423-4216-B538-37563E7C57F7} = {02EA681E-C7D8-13C7-8484-4AC65E1B71E8}
	EndGlobalSection
	GlobalSection(ExtensibilityGlobals) = postSolution
		SolutionGuid = {B3F9BCDD-88E7-4D38-915B-A51933AB061B}
	EndGlobalSection
EndGlobal
